# THIS IS AN AUTOGENERATED FILE. DO NOT EDIT THIS FILE DIRECTLY.
# yarn lockfile v1


os-bin-demo@0.3.1:
  version "0.3.1"
  resolved "https://registry.yarnpkg.com/os-bin-demo/-/os-bin-demo-0.3.1.tgz#4ca53160d261f531970152dcb0d44751eeb16ae5"
  integrity sha512-2cOxbLdnbBxk9EFYRzzVkGonjB7EfZkA9Ra31s/xDZ1KoKhkRyYArUzDaoQ7TS8JeFHBaB7y+Z1P2qDiN1WT5w==
