# THIS IS AN AUTOGENERATED FILE. DO NOT EDIT THIS FILE DIRECTLY.
# yarn lockfile v1


os-bin-demo@0.3.0:
  version "0.3.0"
  resolved "https://registry.yarnpkg.com/os-bin-demo/-/os-bin-demo-0.3.0.tgz#53a90a5c0289bc9139f89c922d6cdec3a137732e"
  integrity sha512-GyFMTQ8nHQET8ujsLR5WDAt4UyAdwbzgVU98nAeEe44GKdDqDz9qfTeyncMwHIdhPtUQkXNZho1oeAh4VhNeBA==
