# THIS IS AN AUTOGENERATED FILE. DO NOT EDIT THIS FILE DIRECTLY.
# yarn lockfile v1


os-bin-demo@^0.2.1:
  version "0.2.1"
  resolved "https://registry.yarnpkg.com/os-bin-demo/-/os-bin-demo-0.2.1.tgz#799558bd1c264bb1b3f49fc05ab64b6b79d87441"
  integrity sha512-yDQYzHRYqBOYSvSO6L/vfZXrHdZiJa0Nxc8uClj5lC4L8tEHvRdMihYEwFNlDg2J2knvlh3O8PgzMaw2LlQ5Gw==
